# THIS IS AN AUTOGENERATED FILE. DO NOT EDIT THIS FILE DIRECTLY.
# yarn lockfile v1


"@vue/devtools-api@^6.4.5":
  version "6.4.5"
  resolved "https://registry.npmmirror.com/@vue/devtools-api/-/devtools-api-6.4.5.tgz#d54e844c1adbb1e677c81c665ecef1a2b4bb8380"
  integrity sha512-JD5fcdIuFxU4fQyXUu3w2KpAJHzTVdN+p4iOX2lMWSHMOoQdMAcpFLZzm9Z/2nmsoZ1a96QEhZ26e50xLBsgOQ==

pinia@^2.0.28:
  version "2.0.28"
  resolved "https://registry.npmmirror.com/pinia/-/pinia-2.0.28.tgz#887c982d854972042d9bdfd5bc4fad3b9d6ab02a"
  integrity sha512-YClq9DkqCblq9rlyUual7ezMu/iICWdBtfJrDt4oWU9Zxpijyz7xB2xTwx57DaBQ96UGvvTMORzALr+iO5PVMw==
  dependencies:
    "@vue/devtools-api" "^6.4.5"
    vue-demi "*"

sortablejs@1.10.2:
  version "1.10.2"
  resolved "https://registry.npmmirror.com/sortablejs/-/sortablejs-1.10.2.tgz#6e40364d913f98b85a14f6678f92b5c1221f5290"
  integrity sha512-YkPGufevysvfwn5rfdlGyrGjt7/CRHwvRPogD/lC+TnvcN29jDpCifKP+rBqf+LRldfXSTh+0CGLcSg0VIxq3A==

vue-demi@*:
  version "0.13.11"
  resolved "https://registry.npmmirror.com/vue-demi/-/vue-demi-0.13.11.tgz#7d90369bdae8974d87b1973564ad390182410d99"
  integrity sha512-IR8HoEEGM65YY3ZJYAjMlKygDQn25D5ajNFNoKh9RSDMQtlzCxtfQjdQgv9jjK+m3377SsJXY8ysq8kLCZL25A==

vuedraggable@^2.24.3:
  version "2.24.3"
  resolved "https://registry.npmmirror.com/vuedraggable/-/vuedraggable-2.24.3.tgz#43c93849b746a24ce503e123d5b259c701ba0d19"
  integrity sha512-6/HDXi92GzB+Hcs9fC6PAAozK1RLt1ewPTLjK0anTYguXLAeySDmcnqE8IC0xa7shvSzRjQXq3/+dsZ7ETGF3g==
  dependencies:
    sortablejs "1.10.2"
